// !$*UTF8*$!
{
	archiveVersion = 1;
	classes = {
	};
	objectVersion = 50;
	objects = {

/* Begin PBXBuildFile section */
		A161C6502457750A005558C1 /* AppDelegate.swift in Sources */ = {isa = PBXBuildFile; fileRef = A161C64F2457750A005558C1 /* AppDelegate.swift */; };
		A161C6522457750A005558C1 /* SceneDelegate.swift in Sources */ = {isa = PBXBuildFile; fileRef = A161C6512457750A005558C1 /* SceneDelegate.swift */; };
		A161C6542457750A005558C1 /* ViewController.swift in Sources */ = {isa = PBXBuildFile; fileRef = A161C6532457750A005558C1 /* ViewController.swift */; };
		A161C6572457750A005558C1 /* Main.storyboard in Resources */ = {isa = PBXBuildFile; fileRef = A161C6552457750A005558C1 /* Main.storyboard */; };
		A161C65924577511005558C1 /* Assets.xcassets in Resources */ = {isa = PBXBuildFile; fileRef = A161C65824577511005558C1 /* Assets.xcassets */; };
		A161C65C24577511005558C1 /* LaunchScreen.storyboard in Resources */ = {isa = PBXBuildFile; fileRef = A161C65A24577511005558C1 /* LaunchScreen.storyboard */; };
		A161C664245775B5005558C1 /* ViewController1.swift in Sources */ = {isa = PBXBuildFile; fileRef = A161C663245775B5005558C1 /* ViewController1.swift */; };
		A161C6662457C086005558C1 /* ViewController2.swift in Sources */ = {isa = PBXBuildFile; fileRef = A161C6652457C086005558C1 /* ViewController2.swift */; };
		A161C6682457C2B8005558C1 /* ViewController3.swift in Sources */ = {isa = PBXBuildFile; fileRef = A161C6672457C2B8005558C1 /* ViewController3.swift */; };
		A161C6702457EB0D005558C1 /* AppDelegate.swift in Sources */ = {isa = PBXBuildFile; fileRef = A161C66F2457EB0D005558C1 /* AppDelegate.swift */; };
		A161C6722457EB0D005558C1 /* ViewController.swift in Sources */ = {isa = PBXBuildFile; fileRef = A161C6712457EB0D005558C1 /* ViewController.swift */; };
		A161C6742457EB10005558C1 /* Assets.xcassets in Resources */ = {isa = PBXBuildFile; fileRef = A161C6732457EB10005558C1 /* Assets.xcassets */; };
		A161C6772457EB10005558C1 /* Main.storyboard in Resources */ = {isa = PBXBuildFile; fileRef = A161C6752457EB10005558C1 /* Main.storyboard */; };
		A161C67E245800A3005558C1 /* ViewController1.swift in Sources */ = {isa = PBXBuildFile; fileRef = A161C67D245800A3005558C1 /* ViewController1.swift */; };
		A161C68024580C49005558C1 /* ViewController2.swift in Sources */ = {isa = PBXBuildFile; fileRef = A161C67F24580C49005558C1 /* ViewController2.swift */; };
		A161C6822458228C005558C1 /* ViewController3.swift in Sources */ = {isa = PBXBuildFile; fileRef = A161C6812458228C005558C1 /* ViewController3.swift */; };
/* End PBXBuildFile section */

/* Begin PBXFileReference section */
		A161C64C2457750A005558C1 /* UIScrollView.app */ = {isa = PBXFileReference; explicitFileType = wrapper.application; includeInIndex = 0; path = UIScrollView.app; sourceTree = BUILT_PRODUCTS_DIR; };
		A161C64F2457750A005558C1 /* AppDelegate.swift */ = {isa = PBXFileReference; lastKnownFileType = sourcecode.swift; path = AppDelegate.swift; sourceTree = "<group>"; };
		A161C6512457750A005558C1 /* SceneDelegate.swift */ = {isa = PBXFileReference; lastKnownFileType = sourcecode.swift; path = SceneDelegate.swift; sourceTree = "<group>"; };
		A161C6532457750A005558C1 /* ViewController.swift */ = {isa = PBXFileReference; lastKnownFileType = sourcecode.swift; path = ViewController.swift; sourceTree = "<group>"; };
		A161C6562457750A005558C1 /* Base */ = {isa = PBXFileReference; lastKnownFileType = file.storyboard; name = Base; path = Base.lproj/Main.storyboard; sourceTree = "<group>"; };
		A161C65824577511005558C1 /* Assets.xcassets */ = {isa = PBXFileReference; lastKnownFileType = folder.assetcatalog; path = Assets.xcassets; sourceTree = "<group>"; };
		A161C65B24577511005558C1 /* Base */ = {isa = PBXFileReference; lastKnownFileType = file.storyboard; name = Base; path = Base.lproj/LaunchScreen.storyboard; sourceTree = "<group>"; };
		A161C65D24577511005558C1 /* Info.plist */ = {isa = PBXFileReference; lastKnownFileType = text.plist.xml; path = Info.plist; sourceTree = "<group>"; };
		A161C663245775B5005558C1 /* ViewController1.swift */ = {isa = PBXFileReference; lastKnownFileType = sourcecode.swift; path = ViewController1.swift; sourceTree = "<group>"; };
		A161C6652457C086005558C1 /* ViewController2.swift */ = {isa = PBXFileReference; lastKnownFileType = sourcecode.swift; path = ViewController2.swift; sourceTree = "<group>"; };
		A161C6672457C2B8005558C1 /* ViewController3.swift */ = {isa = PBXFileReference; lastKnownFileType = sourcecode.swift; path = ViewController3.swift; sourceTree = "<group>"; };
		A161C66D2457EB0D005558C1 /* NSScrollView.app */ = {isa = PBXFileReference; explicitFileType = wrapper.application; includeInIndex = 0; path = NSScrollView.app; sourceTree = BUILT_PRODUCTS_DIR; };
		A161C66F2457EB0D005558C1 /* AppDelegate.swift */ = {isa = PBXFileReference; lastKnownFileType = sourcecode.swift; path = AppDelegate.swift; sourceTree = "<group>"; };
		A161C6712457EB0D005558C1 /* ViewController.swift */ = {isa = PBXFileReference; lastKnownFileType = sourcecode.swift; path = ViewController.swift; sourceTree = "<group>"; };
		A161C6732457EB10005558C1 /* Assets.xcassets */ = {isa = PBXFileReference; lastKnownFileType = folder.assetcatalog; path = Assets.xcassets; sourceTree = "<group>"; };
		A161C6762457EB10005558C1 /* Base */ = {isa = PBXFileReference; lastKnownFileType = file.storyboard; name = Base; path = Base.lproj/Main.storyboard; sourceTree = "<group>"; };
		A161C6782457EB10005558C1 /* Info.plist */ = {isa = PBXFileReference; lastKnownFileType = text.plist.xml; path = Info.plist; sourceTree = "<group>"; };
		A161C6792457EB10005558C1 /* NSScrollView.entitlements */ = {isa = PBXFileReference; lastKnownFileType = text.plist.entitlements; path = NSScrollView.entitlements; sourceTree = "<group>"; };
		A161C67D245800A3005558C1 /* ViewController1.swift */ = {isa = PBXFileReference; lastKnownFileType = sourcecode.swift; path = ViewController1.swift; sourceTree = "<group>"; };
		A161C67F24580C49005558C1 /* ViewController2.swift */ = {isa = PBXFileReference; lastKnownFileType = sourcecode.swift; path = ViewController2.swift; sourceTree = "<group>"; };
		A161C6812458228C005558C1 /* ViewController3.swift */ = {isa = PBXFileReference; lastKnownFileType = sourcecode.swift; path = ViewController3.swift; sourceTree = "<group>"; };
/* End PBXFileReference section */

/* Begin PBXFrameworksBuildPhase section */
		A161C6492457750A005558C1 /* Frameworks */ = {
			isa = PBXFrameworksBuildPhase;
			buildActionMask = 2147483647;
			files = (
			);
			runOnlyForDeploymentPostprocessing = 0;
		};
		A161C66A2457EB0D005558C1 /* Frameworks */ = {
			isa = PBXFrameworksBuildPhase;
			buildActionMask = 2147483647;
			files = (
			);
			runOnlyForDeploymentPostprocessing = 0;
		};
/* End PBXFrameworksBuildPhase section */

/* Begin PBXGroup section */
		A161C6432457750A005558C1 = {
			isa = PBXGroup;
			children = (
				A161C64E2457750A005558C1 /* UIScrollView */,
				A161C66E2457EB0D005558C1 /* NSScrollView */,
				A161C64D2457750A005558C1 /* Products */,
			);
			sourceTree = "<group>";
		};
		A161C64D2457750A005558C1 /* Products */ = {
			isa = PBXGroup;
			children = (
				A161C64C2457750A005558C1 /* UIScrollView.app */,
				A161C66D2457EB0D005558C1 /* NSScrollView.app */,
			);
			name = Products;
			sourceTree = "<group>";
		};
		A161C64E2457750A005558C1 /* UIScrollView */ = {
			isa = PBXGroup;
			children = (
				A161C64F2457750A005558C1 /* AppDelegate.swift */,
				A161C6512457750A005558C1 /* SceneDelegate.swift */,
				A161C6532457750A005558C1 /* ViewController.swift */,
				A161C6552457750A005558C1 /* Main.storyboard */,
				A161C663245775B5005558C1 /* ViewController1.swift */,
				A161C6652457C086005558C1 /* ViewController2.swift */,
				A161C6672457C2B8005558C1 /* ViewController3.swift */,
				A161C65824577511005558C1 /* Assets.xcassets */,
				A161C65A24577511005558C1 /* LaunchScreen.storyboard */,
				A161C65D24577511005558C1 /* Info.plist */,
			);
			path = UIScrollView;
			sourceTree = "<group>";
		};
		A161C66E2457EB0D005558C1 /* NSScrollView */ = {
			isa = PBXGroup;
			children = (
				A161C66F2457EB0D005558C1 /* AppDelegate.swift */,
				A161C6712457EB0D005558C1 /* ViewController.swift */,
				A161C6752457EB10005558C1 /* Main.storyboard */,
				A161C67D245800A3005558C1 /* ViewController1.swift */,
				A161C67F24580C49005558C1 /* ViewController2.swift */,
				A161C6812458228C005558C1 /* ViewController3.swift */,
				A161C6732457EB10005558C1 /* Assets.xcassets */,
				A161C6782457EB10005558C1 /* Info.plist */,
				A161C6792457EB10005558C1 /* NSScrollView.entitlements */,
			);
			path = NSScrollView;
			sourceTree = "<group>";
		};
/* End PBXGroup section */

/* Begin PBXNativeTarget section */
		A161C64B2457750A005558C1 /* UIScrollView */ = {
			isa = PBXNativeTarget;
			buildConfigurationList = A161C66024577511005558C1 /* Build configuration list for PBXNativeTarget "UIScrollView" */;
			buildPhases = (
				A161C6482457750A005558C1 /* Sources */,
				A161C6492457750A005558C1 /* Frameworks */,
				A161C64A2457750A005558C1 /* Resources */,
			);
			buildRules = (
			);
			dependencies = (
			);
			name = UIScrollView;
			productName = ScrollView;
			productReference = A161C64C2457750A005558C1 /* UIScrollView.app */;
			productType = "com.apple.product-type.application";
		};
		A161C66C2457EB0D005558C1 /* NSScrollView */ = {
			isa = PBXNativeTarget;
			buildConfigurationList = A161C67A2457EB10005558C1 /* Build configuration list for PBXNativeTarget "NSScrollView" */;
			buildPhases = (
				A161C6692457EB0D005558C1 /* Sources */,
				A161C66A2457EB0D005558C1 /* Frameworks */,
				A161C66B2457EB0D005558C1 /* Resources */,
			);
			buildRules = (
			);
			dependencies = (
			);
			name = NSScrollView;
			productName = NSScrollView;
			productReference = A161C66D2457EB0D005558C1 /* NSScrollView.app */;
			productType = "com.apple.product-type.application";
		};
/* End PBXNativeTarget section */

/* Begin PBXProject section */
		A161C6442457750A005558C1 /* Project object */ = {
			isa = PBXProject;
			attributes = {
				LastSwiftUpdateCheck = 1140;
				LastUpgradeCheck = 1140;
				ORGANIZATIONNAME = "TATSUYA YAMAGUCHI";
				TargetAttributes = {
					A161C64B2457750A005558C1 = {
						CreatedOnToolsVersion = 11.4.1;
					};
					A161C66C2457EB0D005558C1 = {
						CreatedOnToolsVersion = 11.4.1;
					};
				};
			};
			buildConfigurationList = A161C6472457750A005558C1 /* Build configuration list for PBXProject "ScrollView" */;
			compatibilityVersion = "Xcode 9.3";
			developmentRegion = en;
			hasScannedForEncodings = 0;
			knownRegions = (
				en,
				Base,
			);
			mainGroup = A161C6432457750A005558C1;
			productRefGroup = A161C64D2457750A005558C1 /* Products */;
			projectDirPath = "";
			projectRoot = "";
			targets = (
				A161C64B2457750A005558C1 /* UIScrollView */,
				A161C66C2457EB0D005558C1 /* NSScrollView */,
			);
		};
/* End PBXProject section */

/* Begin PBXResourcesBuildPhase section */
		A161C64A2457750A005558C1 /* Resources */ = {
			isa = PBXResourcesBuildPhase;
			buildActionMask = 2147483647;
			files = (
				A161C65C24577511005558C1 /* LaunchScreen.storyboard in Resources */,
				A161C65924577511005558C1 /* Assets.xcassets in Resources */,
				A161C6572457750A005558C1 /* Main.storyboard in Resources */,
			);
			runOnlyForDeploymentPostprocessing = 0;
		};
		A161C66B2457EB0D005558C1 /* Resources */ = {
			isa = PBXResourcesBuildPhase;
			buildActionMask = 2147483647;
			files = (
				A161C6742457EB10005558C1 /* Assets.xcassets in Resources */,
				A161C6772457EB10005558C1 /* Main.storyboard in Resources */,
			);
			runOnlyForDeploymentPostprocessing = 0;
		};
/* End PBXResourcesBuildPhase section */

/* Begin PBXSourcesBuildPhase section */
		A161C6482457750A005558C1 /* Sources */ = {
			isa = PBXSourcesBuildPhase;
			buildActionMask = 2147483647;
			files = (
				A161C6662457C086005558C1 /* ViewController2.swift in Sources */,
				A161C664245775B5005558C1 /* ViewController1.swift in Sources */,
				A161C6682457C2B8005558C1 /* ViewController3.swift in Sources */,
				A161C6542457750A005558C1 /* ViewController.swift in Sources */,
				A161C6502457750A005558C1 /* AppDelegate.swift in Sources */,
				A161C6522457750A005558C1 /* SceneDelegate.swift in Sources */,
			);
			runOnlyForDeploymentPostprocessing = 0;
		};
		A161C6692457EB0D005558C1 /* Sources */ = {
			isa = PBXSourcesBuildPhase;
			buildActionMask = 2147483647;
			files = (
				A161C6822458228C005558C1 /* ViewController3.swift in Sources */,
				A161C67E245800A3005558C1 /* ViewController1.swift in Sources */,
				A161C68024580C49005558C1 /* ViewController2.swift in Sources */,
				A161C6722457EB0D005558C1 /* ViewController.swift in Sources */,
				A161C6702457EB0D005558C1 /* AppDelegate.swift in Sources */,
			);
			runOnlyForDeploymentPostprocessing = 0;
		};
/* End PBXSourcesBuildPhase section */

/* Begin PBXVariantGroup section */
		A161C6552457750A005558C1 /* Main.storyboard */ = {
			isa = PBXVariantGroup;
			children = (
				A161C6562457750A005558C1 /* Base */,
			);
			name = Main.storyboard;
			sourceTree = "<group>";
		};
		A161C65A24577511005558C1 /* LaunchScreen.storyboard */ = {
			isa = PBXVariantGroup;
			children = (
				A161C65B24577511005558C1 /* Base */,
			);
			name = LaunchScreen.storyboard;
			sourceTree = "<group>";
		};
		A161C6752457EB10005558C1 /* Main.storyboard */ = {
			isa = PBXVariantGroup;
			children = (
				A161C6762457EB10005558C1 /* Base */,
			);
			name = Main.storyboard;
			sourceTree = "<group>";
		};
/* End PBXVariantGroup section */

/* Begin XCBuildConfiguration section */
		A161C65E24577511005558C1 /* Debug */ = {
			isa = XCBuildConfiguration;
			buildSettings = {
				ALWAYS_SEARCH_USER_PATHS = NO;
				CLANG_ANALYZER_NONNULL = YES;
				CLANG_ANALYZER_NUMBER_OBJECT_CONVERSION = YES_AGGRESSIVE;
				CLANG_CXX_LANGUAGE_STANDARD = "gnu++14";
				CLANG_CXX_LIBRARY = "libc++";
				CLANG_ENABLE_MODULES = YES;
				CLANG_ENABLE_OBJC_ARC = YES;
				CLANG_ENABLE_OBJC_WEAK = YES;
				CLANG_WARN_BLOCK_CAPTURE_AUTORELEASING = YES;
				CLANG_WARN_BOOL_CONVERSION = YES;
				CLANG_WARN_COMMA = YES;
				CLANG_WARN_CONSTANT_CONVERSION = YES;
				CLANG_WARN_DEPRECATED_OBJC_IMPLEMENTATIONS = YES;
				CLANG_WARN_DIRECT_OBJC_ISA_USAGE = YES_ERROR;
				CLANG_WARN_DOCUMENTATION_COMMENTS = YES;
				CLANG_WARN_EMPTY_BODY = YES;
				CLANG_WARN_ENUM_CONVERSION = YES;
				CLANG_WARN_INFINITE_RECURSION = YES;
				CLANG_WARN_INT_CONVERSION = YES;
				CLANG_WARN_NON_LITERAL_NULL_CONVERSION = YES;
				CLANG_WARN_OBJC_IMPLICIT_RETAIN_SELF = YES;
				CLANG_WARN_OBJC_LITERAL_CONVERSION = YES;
				CLANG_WARN_OBJC_ROOT_CLASS = YES_ERROR;
				CLANG_WARN_RANGE_LOOP_ANALYSIS = YES;
				CLANG_WARN_STRICT_PROTOTYPES = YES;
				CLANG_WARN_SUSPICIOUS_MOVE = YES;
				CLANG_WARN_UNGUARDED_AVAILABILITY = YES_AGGRESSIVE;
				CLANG_WARN_UNREACHABLE_CODE = YES;
				CLANG_WARN__DUPLICATE_METHOD_MATCH = YES;
				COPY_PHASE_STRIP = NO;
				DEBUG_INFORMATION_FORMAT = dwarf;
				ENABLE_STRICT_OBJC_MSGSEND = YES;
				ENABLE_TESTABILITY = YES;
				GCC_C_LANGUAGE_STANDARD = gnu11;
				GCC_DYNAMIC_NO_PIC = NO;
				GCC_NO_COMMON_BLOCKS = YES;
				GCC_OPTIMIZATION_LEVEL = 0;
				GCC_PREPROCESSOR_DEFINITIONS = (
					"DEBUG=1",
					"$(inherited)",
				);
				GCC_WARN_64_TO_32_BIT_CONVERSION = YES;
				GCC_WARN_ABOUT_RETURN_TYPE = YES_ERROR;
				GCC_WARN_UNDECLARED_SELECTOR = YES;
				GCC_WARN_UNINITIALIZED_AUTOS = YES_AGGRESSIVE;
				GCC_WARN_UNUSED_FUNCTION = YES;
				GCC_WARN_UNUSED_VARIABLE = YES;
				IPHONEOS_DEPLOYMENT_TARGET = 13.4;
				MTL_ENABLE_DEBUG_INFO = INCLUDE_SOURCE;
				MTL_FAST_MATH = YES;
				ONLY_ACTIVE_ARCH = YES;
				SDKROOT = iphoneos;
				SWIFT_ACTIVE_COMPILATION_CONDITIONS = DEBUG;
				SWIFT_OPTIMIZATION_LEVEL = "-Onone";
			};
			name = Debug;
		};
		A161C65F24577511005558C1 /* Release */ = {
			isa = XCBuildConfiguration;
			buildSettings = {
				ALWAYS_SEARCH_USER_PATHS = NO;
				CLANG_ANALYZER_NONNULL = YES;
				CLANG_ANALYZER_NUMBER_OBJECT_CONVERSION = YES_AGGRESSIVE;
				CLANG_CXX_LANGUAGE_STANDARD = "gnu++14";
				CLANG_CXX_LIBRARY = "libc++";
				CLANG_ENABLE_MODULES = YES;
				CLANG_ENABLE_OBJC_ARC = YES;
				CLANG_ENABLE_OBJC_WEAK = YES;
				CLANG_WARN_BLOCK_CAPTURE_AUTORELEASING = YES;
				CLANG_WARN_BOOL_CONVERSION = YES;
				CLANG_WARN_COMMA = YES;
				CLANG_WARN_CONSTANT_CONVERSION = YES;
				CLANG_WARN_DEPRECATED_OBJC_IMPLEMENTATIONS = YES;
				CLANG_WARN_DIRECT_OBJC_ISA_USAGE = YES_ERROR;
				CLANG_WARN_DOCUMENTATION_COMMENTS = YES;
				CLANG_WARN_EMPTY_BODY = YES;
				CLANG_WARN_ENUM_CONVERSION = YES;
				CLANG_WARN_INFINITE_RECURSION = YES;
				CLANG_WARN_INT_CONVERSION = YES;
				CLANG_WARN_NON_LITERAL_NULL_CONVERSION = YES;
				CLANG_WARN_OBJC_IMPLICIT_RETAIN_SELF = YES;
				CLANG_WARN_OBJC_LITERAL_CONVERSION = YES;
				CLANG_WARN_OBJC_ROOT_CLASS = YES_ERROR;
				CLANG_WARN_RANGE_LOOP_ANALYSIS = YES;
				CLANG_WARN_STRICT_PROTOTYPES = YES;
				CLANG_WARN_SUSPICIOUS_MOVE = YES;
				CLANG_WARN_UNGUARDED_AVAILABILITY = YES_AGGRESSIVE;
				CLANG_WARN_UNREACHABLE_CODE = YES;
				CLANG_WARN__DUPLICATE_METHOD_MATCH = YES;
				COPY_PHASE_STRIP = NO;
				DEBUG_INFORMATION_FORMAT = "dwarf-with-dsym";
				ENABLE_NS_ASSERTIONS = NO;
				ENABLE_STRICT_OBJC_MSGSEND = YES;
				GCC_C_LANGUAGE_STANDARD = gnu11;
				GCC_NO_COMMON_BLOCKS = YES;
				GCC_WARN_64_TO_32_BIT_CONVERSION = YES;
				GCC_WARN_ABOUT_RETURN_TYPE = YES_ERROR;
				GCC_WARN_UNDECLARED_SELECTOR = YES;
				GCC_WARN_UNINITIALIZED_AUTOS = YES_AGGRESSIVE;
				GCC_WARN_UNUSED_FUNCTION = YES;
				GCC_WARN_UNUSED_VARIABLE = YES;
				IPHONEOS_DEPLOYMENT_TARGET = 13.4;
				MTL_ENABLE_DEBUG_INFO = NO;
				MTL_FAST_MATH = YES;
				SDKROOT = iphoneos;
				SWIFT_COMPILATION_MODE = wholemodule;
				SWIFT_OPTIMIZATION_LEVEL = "-O";
				VALIDATE_PRODUCT = YES;
			};
			name = Release;
		};
		A161C66124577511005558C1 /* Debug */ = {
			isa = XCBuildConfiguration;
			buildSettings = {
				ASSETCATALOG_COMPILER_APPICON_NAME = AppIcon;
				CODE_SIGN_STYLE = Automatic;
				DEVELOPMENT_TEAM = "";
				INFOPLIST_FILE = UIScrollView/Info.plist;
				LD_RUNPATH_SEARCH_PATHS = (
					"$(inherited)",
					"@executable_path/Frameworks",
				);
				PRODUCT_NAME = "$(TARGET_NAME)";
				SWIFT_VERSION = 5.0;
				TARGETED_DEVICE_FAMILY = "1,2";
			};
			name = Debug;
		};
		A161C66224577511005558C1 /* Release */ = {
			isa = XCBuildConfiguration;
			buildSettings = {
				ASSETCATALOG_COMPILER_APPICON_NAME = AppIcon;
				CODE_SIGN_STYLE = Automatic;
				DEVELOPMENT_TEAM = "";
				INFOPLIST_FILE = UIScrollView/Info.plist;
				LD_RUNPATH_SEARCH_PATHS = (
					"$(inherited)",
					"@executable_path/Frameworks",
				);
				PRODUCT_NAME = "$(TARGET_NAME)";
				SWIFT_VERSION = 5.0;
				TARGETED_DEVICE_FAMILY = "1,2";
			};
			name = Release;
		};
		A161C67B2457EB10005558C1 /* Debug */ = {
			isa = XCBuildConfiguration;
			buildSettings = {
				ASSETCATALOG_COMPILER_APPICON_NAME = AppIcon;
				CODE_SIGN_ENTITLEMENTS = NSScrollView/NSScrollView.entitlements;
				CODE_SIGN_STYLE = Automatic;
				COMBINE_HIDPI_IMAGES = YES;
				DEVELOPMENT_TEAM = "";
				ENABLE_HARDENED_RUNTIME = YES;
				INFOPLIST_FILE = NSScrollView/Info.plist;
				LD_RUNPATH_SEARCH_PATHS = (
					"$(inherited)",
					"@executable_path/../Frameworks",
				);
				MACOSX_DEPLOYMENT_TARGET = 10.15;
				PRODUCT_NAME = "$(TARGET_NAME)";
				SDKROOT = macosx;
				SWIFT_VERSION = 5.0;
			};
			name = Debug;
		};
		A161C67C2457EB10005558C1 /* Release */ = {
			isa = XCBuildConfiguration;
			buildSettings = {
				ASSETCATALOG_COMPILER_APPICON_NAME = AppIcon;
				CODE_SIGN_ENTITLEMENTS = NSScrollView/NSScrollView.entitlements;
				CODE_SIGN_STYLE = Automatic;
				COMBINE_HIDPI_IMAGES = YES;
				DEVELOPMENT_TEAM = "";
				ENABLE_HARDENED_RUNTIME = YES;
				INFOPLIST_FILE = NSScrollView/Info.plist;
				LD_RUNPATH_SEARCH_PATHS = (
					"$(inherited)",
					"@executable_path/../Frameworks",
				);
				MACOSX_DEPLOYMENT_TARGET = 10.15;
				PRODUCT_NAME = "$(TARGET_NAME)";
				SDKROOT = macosx;
				SWIFT_VERSION = 5.0;
			};
			name = Release;
		};
/* End XCBuildConfiguration section */

/* Begin XCConfigurationList section */
		A161C6472457750A005558C1 /* Build configuration list for PBXProject "ScrollView" */ = {
			isa = XCConfigurationList;
			buildConfigurations = (
				A161C65E24577511005558C1 /* Debug */,
				A161C65F24577511005558C1 /* Release */,
			);
			defaultConfigurationIsVisible = 0;
			defaultConfigurationName = Release;
		};
		A161C66024577511005558C1 /* Build configuration list for PBXNativeTarget "UIScrollView" */ = {
			isa = XCConfigurationList;
			buildConfigurations = (
				A161C66124577511005558C1 /* Debug */,
				A161C66224577511005558C1 /* Release */,
			);
			defaultConfigurationIsVisible = 0;
			defaultConfigurationName = Release;
		};
		A161C67A2457EB10005558C1 /* Build configuration list for PBXNativeTarget "NSScrollView" */ = {
			isa = XCConfigurationList;
			buildConfigurations = (
				A161C67B2457EB10005558C1 /* Debug */,
				A161C67C2457EB10005558C1 /* Release */,
			);
			defaultConfigurationIsVisible = 0;
			defaultConfigurationName = Release;
		};
/* End XCConfigurationList section */
	};
	rootObject = A161C6442457750A005558C1 /* Project object */;
}
